{
  "lockfileVersion": 1,
  "workspaces": {
    "": {
      "name": "generative",
      "dependencies": {
        "@strudel/core": "^1.2.6",
        "@strudel/mini": "^1.2.6",
        "@strudel/osc": "^1.3.2",
        "@strudel/web": "^1.3.0",
        "dough-synth": "^0.2.0",
        "ink": "^7.1.0",
        "meow": "^14.1.0",
        "react": "^19.2.7",
      },
      "devDependencies": {
        "@types/bun": "latest",
        "@types/react": "^19.2.17",
      },
      "peerDependencies": {
        "typescript": "^5",
      },
    },
  },
  "packages": {
    "@alcalzone/ansi-tokenize": ["@alcalzone/ansi-tokenize@0.3.0", "", { "dependencies": { "ansi-styles": "^6.2.1", "is-fullwidth-code-point": "^5.0.0" } }, "sha512-p+CMKJ93HFmLkjXKlXiVGlMQEuRb6H0MokBSwUsX+S6BRX8eV5naFZpQJFfJHjRZY0Hmnqy1/r6UWl3x+19zYA=="],

    "@babel/runtime": ["@babel/runtime@7.29.7", "", {}, "sha512-Nq8OhGWiZIZGV6hLHoyAKLLcJihP/xFeBMGJoUrxTX2psI8dCifzLhZISFb+VWS3wFMRDmCGw5R+dOySCqPLhw=="],

    "@kabelsalat/core": ["@kabelsalat/core@0.4.0", "", {}, "sha512-5zV8nh8HffW8aexObXs5pE0xgL0jb1cHc3o8UN6AvK0mBt87fjZvW65E4rMslHyq+OuCscoBJW7B3MbYfWrwMQ=="],

    "@kabelsalat/lib": ["@kabelsalat/lib@0.4.1", "", { "dependencies": { "@kabelsalat/core": "0.4.0" } }, "sha512-gBCjrZKD9huTKNJuBC6BXM4PMQSg8otL8A/vp8j98P9v6yWTX1TuyaqdLg/1PrIAMV4hlWoav9ZD3YMFlrvouw=="],

    "@kabelsalat/web": ["@kabelsalat/web@0.4.1", "", { "dependencies": { "@kabelsalat/core": "0.4.0", "@kabelsalat/lib": "0.4.1" } }, "sha512-ASkFhePJLx3GjadYOueI7sHKXBbRPk/a1pfslFeQNI9gU7yZq/KrnkmOmLrgrtixAsy7gyi1vWqkmRRvH3Ki6w=="],

    "@serialport/binding-mock": ["@serialport/binding-mock@10.2.2", "", { "dependencies": { "@serialport/bindings-interface": "^1.2.1", "debug": "^4.3.3" } }, "sha512-HAFzGhk9OuFMpuor7aT5G1ChPgn5qSsklTFOTUX72Rl6p0xwcSVsRtG/xaGp6bxpN7fI9D/S8THLBWbBgS6ldw=="],

    "@serialport/bindings-cpp": ["@serialport/bindings-cpp@12.0.1", "", { "dependencies": { "@serialport/bindings-interface": "1.2.2", "@serialport/parser-readline": "11.0.0", "debug": "4.3.4", "node-addon-api": "7.0.0", "node-gyp-build": "4.6.0" } }, "sha512-r2XOwY2dDvbW7dKqSPIk2gzsr6M6Qpe9+/Ngs94fNaNlcTRCV02PfaoDmRgcubpNVVcLATlxSxPTIDw12dbKOg=="],

    "@serialport/bindings-interface": ["@serialport/bindings-interface@1.2.2", "", {}, "sha512-CJaUd5bLvtM9c5dmO9rPBHPXTa9R2UwpkJ0wdh9JCYcbrPWsKz+ErvR0hBLeo7NPeiFdjFO4sonRljiw4d2XiA=="],

    "@serialport/parser-byte-length": ["@serialport/parser-byte-length@12.0.0", "", {}, "sha512-0ei0txFAj+s6FTiCJFBJ1T2hpKkX8Md0Pu6dqMrYoirjPskDLJRgZGLqoy3/lnU1bkvHpnJO+9oJ3PB9v8rNlg=="],

    "@serialport/parser-cctalk": ["@serialport/parser-cctalk@12.0.0", "", {}, "sha512-0PfLzO9t2X5ufKuBO34DQKLXrCCqS9xz2D0pfuaLNeTkyGUBv426zxoMf3rsMRodDOZNbFblu3Ae84MOQXjnZw=="],

    "@serialport/parser-delimiter": ["@serialport/parser-delimiter@12.0.0", "", {}, "sha512-gu26tVt5lQoybhorLTPsH2j2LnX3AOP2x/34+DUSTNaUTzu2fBXw+isVjQJpUBFWu6aeQRZw5bJol5X9Gxjblw=="],

    "@serialport/parser-inter-byte-timeout": ["@serialport/parser-inter-byte-timeout@12.0.0", "", {}, "sha512-GnCh8K0NAESfhCuXAt+FfBRz1Cf9CzIgXfp7SdMgXwrtuUnCC/yuRTUFWRvuzhYKoAo1TL0hhUo77SFHUH1T/w=="],

    "@serialport/parser-packet-length": ["@serialport/parser-packet-length@12.0.0", "", {}, "sha512-p1hiCRqvGHHLCN/8ZiPUY/G0zrxd7gtZs251n+cfNTn+87rwcdUeu9Dps3Aadx30/sOGGFL6brIRGK4l/t7MuQ=="],

    "@serialport/parser-readline": ["@serialport/parser-readline@12.0.0", "", { "dependencies": { "@serialport/parser-delimiter": "12.0.0" } }, "sha512-O7cywCWC8PiOMvo/gglEBfAkLjp/SENEML46BXDykfKP5mTPM46XMaX1L0waWU6DXJpBgjaL7+yX6VriVPbN4w=="],

    "@serialport/parser-ready": ["@serialport/parser-ready@12.0.0", "", {}, "sha512-ygDwj3O4SDpZlbrRUraoXIoIqb8sM7aMKryGjYTIF0JRnKeB1ys8+wIp0RFMdFbO62YriUDextHB5Um5cKFSWg=="],

    "@serialport/parser-regex": ["@serialport/parser-regex@12.0.0", "", {}, "sha512-dCAVh4P/pZrLcPv9NJ2mvPRBg64L5jXuiRxIlyxxdZGH4WubwXVXY/kBTihQmiAMPxbT3yshSX8f2+feqWsxqA=="],

    "@serialport/parser-slip-encoder": ["@serialport/parser-slip-encoder@12.0.0", "", {}, "sha512-0APxDGR9YvJXTRfY+uRGhzOhTpU5akSH183RUcwzN7QXh8/1jwFsFLCu0grmAUfi+fItCkR+Xr1TcNJLR13VNA=="],

    "@serialport/parser-spacepacket": ["@serialport/parser-spacepacket@12.0.0", "", {}, "sha512-dozONxhPC/78pntuxpz/NOtVps8qIc/UZzdc/LuPvVsqCoJXiRxOg6ZtCP/W58iibJDKPZPAWPGYeZt9DJxI+Q=="],

    "@serialport/stream": ["@serialport/stream@12.0.0", "", { "dependencies": { "@serialport/bindings-interface": "1.2.2", "debug": "4.3.4" } }, "sha512-9On64rhzuqKdOQyiYLYv2lQOh3TZU/D3+IWCR5gk0alPel2nwpp4YwDEGiUBfrQZEdQ6xww0PWkzqth4wqwX3Q=="],

    "@strudel/core": ["@strudel/core@1.2.6", "", { "dependencies": { "@kabelsalat/web": "^0.4.1", "fraction.js": "^5.2.1" } }, "sha512-FA5Kxv3U+UhNRLIeuEpXck2o2J5AjHZbkAdSAK9Q2N3Az1G9Vnc+bXXfgDFyY3yRH9mXXQvTerz8jr876pGGng=="],

    "@strudel/draw": ["@strudel/draw@1.2.6", "", { "dependencies": { "@strudel/core": "1.2.6" } }, "sha512-7UPJ4xgDi2bt12KWSVAEt4rZjcOajxhHBJikvNA3LQT5IA/FTfD+TRSNu0CSB7zhmFM0Njgq6t7ttgsC8fdKCg=="],

    "@strudel/mini": ["@strudel/mini@1.2.6", "", { "dependencies": { "@strudel/core": "1.2.6" } }, "sha512-I5GFPLHI3TPcJuD2RdDcurA+lTogaSQ0TB+EimKTgEtSAbU6ZMEkSUOXZIFO5eaAcJcMucgKaBcmTKpD4oZjPA=="],

    "@strudel/osc": ["@strudel/osc@1.3.2", "", { "dependencies": { "@strudel/core": "1.2.6", "osc": "^2.4.5", "ws": "^8.18.3" }, "bin": { "osc": "server.js" } }, "sha512-LiWPom0f7A0AYjcgefC7hGCpSNKo7B1Jk7toKL/f/xHZ5+s5IGqjw/XrxkX5jR0Wc3VAuAn81BDwGl6MY6aGTA=="],

    "@strudel/tonal": ["@strudel/tonal@1.2.6", "", { "dependencies": { "@strudel/core": "1.2.6", "@tonaljs/tonal": "^4.10.0", "chord-voicings": "^0.0.1", "webmidi": "^3.1.12" } }, "sha512-I2ev0IJFmqvDt/vFkL8vIDXNanK5EZF+MNhlio3nHt1d6ngZZJyCNzC1OxoaiQKxZNN7+mpGIC3Cx/zcBC3weQ=="],

    "@strudel/transpiler": ["@strudel/transpiler@1.2.6", "", { "dependencies": { "@strudel/core": "1.2.6", "@strudel/mini": "1.2.6", "acorn": "^8.14.0", "escodegen": "^2.1.0", "estree-walker": "^3.0.3" } }, "sha512-NzmyQDS4BqjafOPzHGFowxILDx3ZRAPD47YszxNaPB7PggMA2rMo9t3rLz80G0GxA0ZAyMbVMR3px9jDWnJ5hg=="],

    "@strudel/web": ["@strudel/web@1.3.0", "", { "dependencies": { "@strudel/core": "1.2.6", "@strudel/mini": "1.2.6", "@strudel/tonal": "1.2.6", "@strudel/transpiler": "1.2.6", "@strudel/webaudio": "1.3.0" } }, "sha512-iob9+OrZMM5oMQmDNQAXc6+CYnzKaOUeARs8fcRRxDDSvCxewmZf/ancwyqVSCJsVzgCgw+I9PkpFyhSpLS3FQ=="],

    "@strudel/webaudio": ["@strudel/webaudio@1.3.0", "", { "dependencies": { "@strudel/core": "1.2.6", "@strudel/draw": "1.2.6", "superdough": "1.3.0", "supradough": "1.2.4" } }, "sha512-H23KJfxA5l2woG0TwNf+VMvjbj9SwR1y1qgzJW26Z35/9c5pbVs2IHPUpFwP0dWoA/4dmG2cmTMwI1e/TL8kGA=="],

    "@tonaljs/abc-notation": ["@tonaljs/abc-notation@4.9.1", "", { "dependencies": { "@tonaljs/pitch-distance": "5.0.5", "@tonaljs/pitch-note": "6.1.0" } }, "sha512-2fDUdPsFDdgZgyIiZCTYGKy30QiwIQxSXCSN2thGrSMXbQKCp8iTC8haStYcrA+25MPWhWlmvC/pz3tGcTNAqQ=="],

    "@tonaljs/array": ["@tonaljs/array@4.8.4", "", { "dependencies": { "@tonaljs/pitch-note": "6.1.0" } }, "sha512-97HVdpZy82PqNBDMM9PRSbO2DUrnxNg3++N4xqLpfby70fKHAHhTWrMXWZK+Dzs76HDPQLd+qhd4cq28eBZzjw=="],

    "@tonaljs/chord": ["@tonaljs/chord@4.10.2", "", { "dependencies": { "@tonaljs/chord-detect": "^4.8.1", "@tonaljs/chord-type": "^4.8.2", "@tonaljs/collection": "^4.8.0", "@tonaljs/core": "^4.10.0", "@tonaljs/pcset": "^4.8.2", "@tonaljs/scale-type": "^4.8.2" } }, "sha512-Zlqtq6c6T4y+EqvwHRQp9icEjHqyniCpnIwwCFg5amgAQwXmWzarouOOSmcdJ1Is92eEvcPVuCoLiVUtajS30A=="],

    "@tonaljs/chord-detect": ["@tonaljs/chord-detect@4.9.1", "", { "dependencies": { "@tonaljs/chord-type": "5.1.1", "@tonaljs/pcset": "4.10.1", "@tonaljs/pitch-note": "6.1.0" } }, "sha512-rV/9+R7aZ9cQorQ3jdNMMMh63onosglYZM71Q0n7KKcWMAGrxF66MzxBG82xy+w1QDMJQslB3iHfDHUiS6wRjA=="],

    "@tonaljs/chord-type": ["@tonaljs/chord-type@4.8.2", "", { "dependencies": { "@tonaljs/core": "^4.8.0", "@tonaljs/pcset": "^4.8.2" } }, "sha512-GzSTjQmZjkUdPhyesFDeJbxpW8R7L/bAE34E8ApGAh9FMcKYpRdX3Tn+gkluRsXOiRMfW07p3E0Adx4bjtyN+Q=="],

    "@tonaljs/collection": ["@tonaljs/collection@4.9.0", "", {}, "sha512-Mk0h7O54nT6PgNVcUYauzxa5KOB23+0AOKudWzRH7JhJIN9vhVIC7PtwZXE+/G051UTbHSFIcN/afkgF4nB/8A=="],

    "@tonaljs/core": ["@tonaljs/core@4.10.4", "", { "dependencies": { "@tonaljs/pitch": "5.0.1", "@tonaljs/pitch-distance": "5.0.2", "@tonaljs/pitch-interval": "5.0.2", "@tonaljs/pitch-note": "5.0.3" } }, "sha512-PhGlQ2Js6rFQ6CufkSiBpEJoPS8QIIhbXSXhT4U+5ffqckli+YBZRN24vjZ4AEKuX8xoYDmCCbl+r6agauvzmw=="],

    "@tonaljs/duration-value": ["@tonaljs/duration-value@4.9.0", "", {}, "sha512-Muz54HyIe0nMYKWx6wyTa4y17ma29DtpJF4/oqJphy6A124rAVDe/SKit8JGOvDYAQj71FUXqs17sXBxO/ExVw=="],

    "@tonaljs/interval": ["@tonaljs/interval@4.8.2", "", { "dependencies": { "@tonaljs/pitch": "^5.0.1", "@tonaljs/pitch-distance": "^5.0.2", "@tonaljs/pitch-interval": "^5.0.2" } }, "sha512-9SEuJuqFdmu9lnvMmJtxbReQcQvZ1YHXhCcxaF6Re23/w+BqiJvvkvNZhfWH+n1+g0uaSdTsuvMfamp7hAvPMw=="],

    "@tonaljs/key": ["@tonaljs/key@4.11.2", "", { "dependencies": { "@tonaljs/note": "4.12.1", "@tonaljs/pitch-note": "6.1.0", "@tonaljs/roman-numeral": "4.9.1" } }, "sha512-fc1y5+NwS4S3amirzYLLB324PxJDO00oIBbLJclAddc46UBeYnu4FNz+1nZboHCXRQ/06/ftuaWD/l7HrAoulw=="],

    "@tonaljs/midi": ["@tonaljs/midi@4.10.2", "", { "dependencies": { "@tonaljs/pitch-note": "6.1.0" } }, "sha512-MPamXhEwPL7L1udLfYMm3Ft8mLYtHr62Zi2w5zYHM2P7YwIvNoiX0+dvAN5is1Wvq4iVRa8AjFHerjOW/SZhGg=="],

    "@tonaljs/mode": ["@tonaljs/mode@4.9.2", "", { "dependencies": { "@tonaljs/collection": "4.9.0", "@tonaljs/interval": "5.1.0", "@tonaljs/pcset": "4.10.1", "@tonaljs/pitch-distance": "5.0.5", "@tonaljs/pitch-note": "6.1.0", "@tonaljs/scale-type": "4.9.2" } }, "sha512-Il48fWX9SnGMzwNFVbizkWkr/SJ+aCIIHhjWfSf1agrQAoq81536qBXEyEyvia6aqEXC4OaXAQ5rSoBcmQRj1Q=="],

    "@tonaljs/note": ["@tonaljs/note@4.12.1", "", { "dependencies": { "@tonaljs/midi": "4.10.2", "@tonaljs/pitch": "5.0.2", "@tonaljs/pitch-distance": "5.0.5", "@tonaljs/pitch-interval": "6.1.0", "@tonaljs/pitch-note": "6.1.0" } }, "sha512-yh6cnhu21bUb0VuIQWxObSbWBVp2cHIkJj4zZ4qsNOW4jSqn74+wHpSbOTDF8q+2hl6upz7TtBRavtqwPtLUCQ=="],

    "@tonaljs/pcset": ["@tonaljs/pcset@4.10.1", "", { "dependencies": { "@tonaljs/collection": "4.9.0", "@tonaljs/pitch": "5.0.2", "@tonaljs/pitch-distance": "5.0.5", "@tonaljs/pitch-interval": "6.1.0", "@tonaljs/pitch-note": "6.1.0" } }, "sha512-CZG1rpKc38yMfpEJsbDTvsTmQqsek9xxcuMgK64Tr6sP1lEiDuZJbQeKVWWRnreBF2FQ1cEGLmfOpvSO+40csA=="],

    "@tonaljs/pitch": ["@tonaljs/pitch@5.0.1", "", {}, "sha512-5HYkF4hGY0jS2y5V3Hf5gNFXX46kT4cAcI7JLEn+qQb9N1dU9Gz9koI9di0mD1Tbam+kviceiCsJl4WX/FqYjA=="],

    "@tonaljs/pitch-distance": ["@tonaljs/pitch-distance@5.0.5", "", { "dependencies": { "@tonaljs/pitch": "5.0.2", "@tonaljs/pitch-interval": "6.1.0", "@tonaljs/pitch-note": "6.1.0" } }, "sha512-dTfjsU0zyrj5YmiFio5prPaD5w7sBmHp4nnmlEg70nHY+SerAH0KiO9HM9usttVgRFUaXl0Gc7OI8YMGfSFmug=="],

    "@tonaljs/pitch-interval": ["@tonaljs/pitch-interval@5.0.2", "", { "dependencies": { "@tonaljs/pitch": "5.0.1" } }, "sha512-bQmxeenRFNuuABs9mDc+bSUp3ySGw8I49pHMoGDdCcro9n3MDN8IsSwhvKoGOYErFMx76rNn1t+7WL8ukpvX5w=="],

    "@tonaljs/pitch-note": ["@tonaljs/pitch-note@6.1.0", "", { "dependencies": { "@tonaljs/pitch": "5.0.2" } }, "sha512-A4OSLo8DjM38u73862LnDmL4YInDDRBmg0fojXcvu4cyU3oOlqndyeHOra1OVoH/WW46uNIxNs1wJDZNPWL5KQ=="],

    "@tonaljs/progression": ["@tonaljs/progression@4.9.2", "", { "dependencies": { "@tonaljs/chord": "6.1.2", "@tonaljs/pitch-distance": "5.0.5", "@tonaljs/pitch-interval": "6.1.0", "@tonaljs/pitch-note": "6.1.0", "@tonaljs/roman-numeral": "4.9.1" } }, "sha512-1Pmau5tKoWmY2H/fp9WVJ5Qm4c+xlu7IEZb3R3uLbc26kJq97DbuSnfArIAQoZTum2V6lOEN/Dt34E9OrGKnoA=="],

    "@tonaljs/range": ["@tonaljs/range@4.9.2", "", { "dependencies": { "@tonaljs/collection": "4.9.0", "@tonaljs/midi": "4.10.2" } }, "sha512-XhFbCJCrEEIVz3MNmdVp9QUyiJA6eqnNnQeNqto8AuT5BYuffHDoMkBmvvjPuV5Lh8zfF9D0aqglvqPbZ+neKQ=="],

    "@tonaljs/roman-numeral": ["@tonaljs/roman-numeral@4.9.1", "", { "dependencies": { "@tonaljs/pitch": "5.0.2", "@tonaljs/pitch-interval": "6.1.0", "@tonaljs/pitch-note": "6.1.0" } }, "sha512-dJGKBNHdPrNTE97ZDk4t6wpNmgYcpHyLkAvWkRP9I/HsDkeTFFQqNXosYIvspPWrFySlRpeqqFwcqV74MYoOag=="],

    "@tonaljs/scale": ["@tonaljs/scale@4.13.4", "", { "dependencies": { "@tonaljs/chord-type": "5.1.1", "@tonaljs/collection": "4.9.0", "@tonaljs/note": "4.12.1", "@tonaljs/pcset": "4.10.1", "@tonaljs/pitch-distance": "5.0.5", "@tonaljs/pitch-note": "6.1.0", "@tonaljs/scale-type": "4.9.2" } }, "sha512-hyilnmsCmoGQiRhYWKM1QPrqaNH3KGEfrSfxeXcicPnEh12yvrVRm4djKmTVw7Rc/5P4GniPAA51+CS0C5dbLw=="],

    "@tonaljs/scale-type": ["@tonaljs/scale-type@4.9.2", "", { "dependencies": { "@tonaljs/pcset": "4.10.1" } }, "sha512-XDRPySg0X6owJ6AVzVRpS4ZpgleAUQakuq5VtfQ0JitnJKGRYo5Y0w7Fl/wEz/X9aEMk2lxcdF8VGGMIsQFo0g=="],

    "@tonaljs/time-signature": ["@tonaljs/time-signature@4.9.0", "", {}, "sha512-zRo8CBqg/2guzTlF2vxyVIuB5gmwWQaxlknJPUSDII8CTdQ/x3a1LlNoMKkvTUnqwCihe3WrNPZ5XUfOOTthYA=="],

    "@tonaljs/tonal": ["@tonaljs/tonal@4.10.0", "", { "dependencies": { "@tonaljs/abc-notation": "^4.8.0", "@tonaljs/array": "^4.8.0", "@tonaljs/chord": "^4.8.0", "@tonaljs/chord-type": "^4.8.0", "@tonaljs/collection": "^4.8.0", "@tonaljs/core": "^4.8.0", "@tonaljs/duration-value": "^4.8.0", "@tonaljs/interval": "^4.8.0", "@tonaljs/key": "^4.9.0", "@tonaljs/midi": "^4.8.0", "@tonaljs/mode": "^4.8.0", "@tonaljs/note": "^4.9.0", "@tonaljs/pcset": "^4.8.0", "@tonaljs/progression": "^4.8.0", "@tonaljs/range": "^4.8.0", "@tonaljs/roman-numeral": "^4.8.0", "@tonaljs/scale": "^4.9.0", "@tonaljs/scale-type": "^4.8.0", "@tonaljs/time-signature": "^4.8.0" } }, "sha512-F2T9Fiy+j0MVped89kCrX1XF68mQOLUnny4pDOHrIf+OkrjtLQOzzaSOrX1tx0o72WUwQm1knz6D1d57b9X1HA=="],

    "@types/bun": ["@types/bun@1.3.14", "", { "dependencies": { "bun-types": "1.3.14" } }, "sha512-h1hFqFVcvAvD9j9K7ZW7vd82aSA+rTdznZa+5bwvCwqSB1jmmfLcbIWhOLx1/+boy/xmjgCs/OMUL8hRJSmnPw=="],

    "@types/estree": ["@types/estree@1.0.9", "", {}, "sha512-GhdPgy1el4/ImP05X05Uw4cw2/M93BCUmnEvWZNStlCzEKME4Fkk+YpoA5OiHNQmoS7Cafb8Xa3Pya8m1Qrzeg=="],

    "@types/node": ["@types/node@26.0.1", "", { "dependencies": { "undici-types": "~8.3.0" } }, "sha512-fc3KiUoBt6kie0N9bIW3E47vZsuaMf0PM2AaUpLCLT0s/LvX1nxAim6Fc049cNxODPpGm6qRAuUOB86SkRuPQw=="],

    "@types/react": ["@types/react@19.2.17", "", { "dependencies": { "csstype": "^3.2.2" } }, "sha512-MXfmqaVPEVgkBT/aY0aGCkRWWtByiYQXo3xdQ8r5RzuFrPiRn8Gar2tQdXSUQ2GKV3bkXckek89V8wQBY2Q/Aw=="],

    "acorn": ["acorn@8.17.0", "", { "bin": { "acorn": "bin/acorn" } }, "sha512-xRQbDb9BnwDafYNn6Vwl839DYVjqXYb1XVGtWAZ1kcDc6iwAL4hg3B1dZlRiuENFeO2H53gFG3in621AdERVAg=="],

    "ansi-escapes": ["ansi-escapes@7.3.0", "", { "dependencies": { "environment": "^1.0.0" } }, "sha512-BvU8nYgGQBxcmMuEeUEmNTvrMVjJNSH7RgW24vXexN4Ven6qCvy4TntnvlnwnMLTVlcRQQdbRY8NKnaIoeWDNg=="],

    "ansi-regex": ["ansi-regex@6.2.2", "", {}, "sha512-Bq3SmSpyFHaWjPk8If9yc6svM8c56dB5BAtW4Qbw5jHTwwXXcTLoRMkpDJp6VL0XzlWaCHTXrkFURMYmD0sLqg=="],

    "ansi-styles": ["ansi-styles@6.2.3", "", {}, "sha512-4Dj6M28JB+oAH8kFkTLUo+a2jwOFkuqb3yucU0CANcRRUbxS0cP0nZYCGjcc3BNXwRIsUVmDGgzawme7zvJHvg=="],

    "auto-bind": ["auto-bind@5.0.1", "", {}, "sha512-ooviqdwwgfIfNmDwo94wlshcdzfO64XV0Cg6oDsDYBJfITDz1EngD2z7DkbvCWn+XIMsIqW27sEVF6qcpJrRcg=="],

    "bun-types": ["bun-types@1.3.14", "", { "dependencies": { "@types/node": "*" } }, "sha512-4N0ig0fEomHt5R0KCFWjovxow98rIoRwKolrYdCcknNwMekCXRnWEUvgu5soYV8QXtVsrUD8B95MBOZGPvr6KQ=="],

    "chalk": ["chalk@5.6.2", "", {}, "sha512-7NzBL0rN6fMUW+f7A6Io4h40qQlG+xGmtMxfbnH/K7TAtt8JQWVQK+6g0UXKMeVJoyV5EkkNsErQ8pVD3bLHbA=="],

    "chord-voicings": ["chord-voicings@0.0.1", "", { "dependencies": { "@tonaljs/tonal": "^4.6.5" } }, "sha512-SutgB/4ynkkuiK6qdQ/k3QvCFcH0Vj8Ch4t6LbRyRQbVzP/TOztiCk3kvXd516UZ6fqk7ijDRELEFcKN+6V8sA=="],

    "cli-boxes": ["cli-boxes@4.0.1", "", {}, "sha512-5IOn+jcCEHEraYolBPs/sT4BxYCe2nHg374OPiItB1O96KZFseS2gthU4twyYzeDcFew4DaUM/xwc5BQf08JJw=="],

    "cli-cursor": ["cli-cursor@4.0.0", "", { "dependencies": { "restore-cursor": "^4.0.0" } }, "sha512-VGtlMu3x/4DOtIUwEkRezxUZ2lBacNJCHash0N0WeZDBS+7Ux1dm3XWAgWYxLJFMMdOeXMHXorshEFhbMSGelg=="],

    "cli-truncate": ["cli-truncate@6.1.0", "", { "dependencies": { "slice-ansi": "^9.0.0", "string-width": "^8.2.0" } }, "sha512-ofWtXdvPO1WepoE9Gn4dPdZw+ADud1Yz9K+xm9FjK5vvrs/D60vrlKIQeSw1wJX4cphW2bnWi8GZSKvf9T6shw=="],

    "code-excerpt": ["code-excerpt@4.0.0", "", { "dependencies": { "convert-to-spaces": "^2.0.1" } }, "sha512-xxodCmBen3iy2i0WtAK8FlFNrRzjUqjRsMfho58xT/wvZU1YTM3fCnRjcy1gJPMepaRlgm/0e6w8SpWHpn3/cA=="],

    "convert-to-spaces": ["convert-to-spaces@2.0.1", "", {}, "sha512-rcQ1bsQO9799wq24uE5AM2tAILy4gXGIK/njFWcVQkGNZ96edlpY+A7bjwvzjYvLDyzmG1MmMLZhpcsb+klNMQ=="],

    "csstype": ["csstype@3.2.3", "", {}, "sha512-z1HGKcYy2xA8AGQfwrn0PAy+PB7X/GSj3UVJW9qKyn43xWa+gl5nXmU4qqLMRzWVLFC8KusUX8T/0kCiOYpAIQ=="],

    "debug": ["debug@4.3.4", "", { "dependencies": { "ms": "2.1.2" } }, "sha512-PRWFHuSU3eDtQJPvnNY7Jcket1j0t5OuOsFzPPzsekD52Zl8qUfFIPEiswXqIvHWGVHOgX+7G/vCNNhehwxfkQ=="],

    "djipevents": ["djipevents@2.0.7", "", { "dependencies": { "@babel/runtime": "^7.20.6" } }, "sha512-KNFYaU85imxOCKOUsIR70Iz9E19r96/X7LSH+u0tSoZdpWcBdzoqtTsU+wuLhc6GMpSFob+KInkZAbfKi01Bjg=="],

    "dough-synth": ["dough-synth@0.2.0", "", { "bin": { "dough-synth": "server.mjs" } }, "sha512-n546fpHWFRYoz2bETHKq//ScWF7/Pw8b+4NK5QDnXKDr+y3FyQn4nwYhaGCNmNyrfLsYTV92CzXXuS4XBNhC1g=="],

    "environment": ["environment@1.1.0", "", {}, "sha512-xUtoPkMggbz0MPyPiIWr1Kp4aeWJjDZ6SMvURhimjdZgsRuDplF5/s9hcgGhyXMhs+6vpnuoiZ2kFiu3FMnS8Q=="],

    "es-toolkit": ["es-toolkit@1.49.0", "", {}, "sha512-G5iZ6Pc/FNRY/soKZHC+TxGDD83rHUDXxzaWhGCX44vAv/tMs56WMusnm/KMNK+luUPsgA9U28cGr4RDlSzL2g=="],

    "escape-string-regexp": ["escape-string-regexp@2.0.0", "", {}, "sha512-UpzcLCXolUWcNu5HtVMHYdXJjArjsF9C0aNnquZYY4uW/Vu0miy5YoWvbV345HauVvcAUnpRuhMMcqTcGOY2+w=="],

    "escodegen": ["escodegen@2.1.0", "", { "dependencies": { "esprima": "^4.0.1", "estraverse": "^5.2.0", "esutils": "^2.0.2" }, "optionalDependencies": { "source-map": "~0.6.1" }, "bin": { "esgenerate": "bin/esgenerate.js", "escodegen": "bin/escodegen.js" } }, "sha512-2NlIDTwUWJN0mRPQOdtQBzbUHvdGY2P1VXSyU83Q3xKxM7WHX2Ql8dKq782Q9TgQUNOLEzEYu9bzLNj1q88I5w=="],

    "esprima": ["esprima@4.0.1", "", { "bin": { "esparse": "./bin/esparse.js", "esvalidate": "./bin/esvalidate.js" } }, "sha512-eGuFFw7Upda+g4p+QHvnW0RyTX/SVeJBDM/gCtMARO0cLuT2HcEKnTPvhjV6aGeqrCB/sbNop0Kszm0jsaWU4A=="],

    "estraverse": ["estraverse@5.3.0", "", {}, "sha512-MMdARuVEQziNTeJD8DgMqmhwR11BRQ/cBP+pLtYdSTnf3MIO8fFeiINEbX36ZdNlfU/7A9f3gUw49B3oQsvwBA=="],

    "estree-walker": ["estree-walker@3.0.3", "", { "dependencies": { "@types/estree": "^1.0.0" } }, "sha512-7RUKfXgSMMkzt6ZuXmqapOurLGPPfgj6l9uRZ7lRGolvk0y2yocc35LdcxKC5PQZdn2DMqioAQ2NoWcrTKmm6g=="],

    "esutils": ["esutils@2.0.3", "", {}, "sha512-kVscqXk4OCp68SZ0dkgEKVi6/8ij300KBWTJq32P/dYeWTSwK41WyTxalN1eRmA5Z9UU/LX9D7FWSmV9SAYx6g=="],

    "fraction.js": ["fraction.js@5.3.4", "", {}, "sha512-1X1NTtiJphryn/uLQz3whtY6jK3fTqoE3ohKs0tT+Ujr1W59oopxmoEh7Lu5p6vBaPbgoM0bzveAW4Qi5RyWDQ=="],

    "get-east-asian-width": ["get-east-asian-width@1.6.0", "", {}, "sha512-QRbvDIbx6YklUe6RxeTeleMR0yv3cYH6PsPZHcnVn7xv7zO1BHN8r0XETu8n6Ye3Q+ahtSarc3WgtNWmehIBfA=="],

    "indent-string": ["indent-string@5.0.0", "", {}, "sha512-m6FAo/spmsW2Ab2fU35JTYwtOKa2yAwXSwgjSv1TJzh4Mh7mC3lzAOVLBprb72XsTrgkEIsl7YrFNAiDiRhIGg=="],

    "ink": ["ink@7.1.0", "", { "dependencies": { "@alcalzone/ansi-tokenize": "^0.3.0", "ansi-escapes": "^7.3.0", "ansi-styles": "^6.2.3", "auto-bind": "^5.0.1", "chalk": "^5.6.2", "cli-boxes": "^4.0.1", "cli-cursor": "^4.0.0", "cli-truncate": "^6.0.0", "code-excerpt": "^4.0.0", "es-toolkit": "^1.45.1", "indent-string": "^5.0.0", "is-in-ci": "^2.0.0", "patch-console": "^2.0.0", "react-reconciler": "^0.33.0", "scheduler": "^0.27.0", "signal-exit": "^3.0.7", "slice-ansi": "^9.0.0", "stack-utils": "^2.0.6", "string-width": "^8.2.0", "terminal-size": "^4.0.1", "type-fest": "^5.5.0", "widest-line": "^6.0.0", "wrap-ansi": "^10.0.0", "ws": "^8.20.0", "yoga-layout": "~3.2.1" }, "peerDependencies": { "@types/react": ">=19.2.0", "react": ">=19.2.0", "react-devtools-core": ">=6.1.2" }, "optionalPeers": ["@types/react", "react-devtools-core"] }, "sha512-VWE6/yeLtFCJBNLflyI2OSylyXK1Rc24LuXup8Qt+icwkmmycFNdbn8IkSp6Frc0h1iA0NOvvi1ajW44U/w3Qg=="],

    "is-fullwidth-code-point": ["is-fullwidth-code-point@5.1.0", "", { "dependencies": { "get-east-asian-width": "^1.3.1" } }, "sha512-5XHYaSyiqADb4RnZ1Bdad6cPp8Toise4TzEjcOYDHZkTCbKgiUl7WTUCpNWHuxmDt91wnsZBc9xinNzopv3JMQ=="],

    "is-in-ci": ["is-in-ci@2.0.0", "", { "bin": { "is-in-ci": "cli.js" } }, "sha512-cFeerHriAnhrQSbpAxL37W1wcJKUUX07HyLWZCW1URJT/ra3GyUTzBgUnh24TMVfNTV2Hij2HLxkPHFZfOZy5w=="],

    "jazz-midi": ["jazz-midi@1.7.9", "", {}, "sha512-c8c4BBgwxdsIr1iVm53nadCrtH7BUlnX3V95ciK/gbvXN/ndE5+POskBalXgqlc/r9p2XUbdLTrgrC6fou5p9w=="],

    "jzz": ["jzz@1.9.6", "", { "dependencies": { "jazz-midi": "^1.7.9" } }, "sha512-J7ENLhXwfm2BNDKRUrL8eKtPhUS/CtMBpiafxQHDBcOWSocLhearDKEdh+ylnZFcr5OXWTed0gj6l/txeQA9vg=="],

    "long": ["long@4.0.0", "", {}, "sha512-XsP+KhQif4bjX1kbuSiySJFNAehNxgLb6hPRGJ9QsUr8ajHkuXGdrHmFUTUUXhDwVX2R5bY4JNZEwbUiMhV+MA=="],

    "meow": ["meow@14.1.0", "", {}, "sha512-EDYo6VlmtnumlcBCbh1gLJ//9jvM/ndXHfVXIFrZVr6fGcwTUyCTFNTLCKuY3ffbK8L/+3Mzqnd58RojiZqHVw=="],

    "mimic-fn": ["mimic-fn@2.1.0", "", {}, "sha512-OqbOk5oEQeAZ8WXWydlu9HJjz9WVdEIvamMCcXmuqUYjTknH/sqsWvhQ3vgwKFRR1HpjvNBKQ37nbJgYzGqGcg=="],

    "ms": ["ms@2.1.2", "", {}, "sha512-sGkPx+VjMtmA6MX27oA4FBFELFCZZ4S4XqeGOXCv68tT+jb3vk/RyaKWP0PTKyWtmLSM0b+adUTEvbs1PEaH2w=="],

    "nanostores": ["nanostores@0.11.4", "", {}, "sha512-k1oiVNN4hDK8NcNERSZLQiMfRzEGtfnvZvdBvey3SQbgn8Dcrk0h1I6vpxApjb10PFUflZrgJ2WEZyJQ+5v7YQ=="],

    "node-addon-api": ["node-addon-api@7.0.0", "", {}, "sha512-vgbBJTS4m5/KkE16t5Ly0WW9hz46swAstv0hYYwMtbG7AznRhNyfLRe8HZAiWIpcHzoO7HxhLuBQj9rJ/Ho0ZA=="],

    "node-gyp-build": ["node-gyp-build@4.6.0", "", { "bin": { "node-gyp-build": "bin.js", "node-gyp-build-test": "build-test.js", "node-gyp-build-optional": "optional.js" } }, "sha512-NTZVKn9IylLwUzaKjkas1e4u2DLNcV4rdYagA4PWdPwW87Bi7z+BznyKSRwS/761tV/lzCGXplWsiaMjLqP2zQ=="],

    "onetime": ["onetime@5.1.2", "", { "dependencies": { "mimic-fn": "^2.1.0" } }, "sha512-kbpaSSGJTWdAY5KPVeMOKXSrPtr8C8C7wodJbcsd51jRnmD+GZu8Y0VoU6Dm5Z4vWr0Ig/1NKuWRKf7j5aaYSg=="],

    "osc": ["osc@2.4.5", "", { "dependencies": { "long": "4.0.0", "slip": "1.0.2", "wolfy87-eventemitter": "5.2.9", "ws": "8.18.0" }, "optionalDependencies": { "serialport": "12.0.0" } }, "sha512-Nc4/qcl+vA/CMxiKS1xrYgzjfnyB3W94gZnrkn3eTzihlndbEml6+wj1YQNKBI4r+qrw3obCcEoU7SVH/OxpxA=="],

    "patch-console": ["patch-console@2.0.0", "", {}, "sha512-0YNdUceMdaQwoKce1gatDScmMo5pu/tfABfnzEqeG0gtTmd7mh/WcwgUjtAeOU7N8nFFlbQBnFK2gXW5fGvmMA=="],

    "react": ["react@19.2.7", "", {}, "sha512-HNe9WslTbXmFK8o8cmwgAeJFSBvt1bPdHCVKtaaV+WlAN36mpT4hcRpwbf3fY56ar2oIXzsBpOAiIRHAdY0OlQ=="],

    "react-reconciler": ["react-reconciler@0.33.0", "", { "dependencies": { "scheduler": "^0.27.0" }, "peerDependencies": { "react": "^19.2.0" } }, "sha512-KetWRytFv1epdpJc3J4G75I4WrplZE5jOL7Yq0p34+OVOKF4Se7WrdIdVC45XsSSmUTlht2FM/fM1FZb1mfQeA=="],

    "restore-cursor": ["restore-cursor@4.0.0", "", { "dependencies": { "onetime": "^5.1.0", "signal-exit": "^3.0.2" } }, "sha512-I9fPXU9geO9bHOt9pHHOhOkYerIMsmVaWB0rA2AI9ERh/+x/i7MV5HKBNrg+ljO5eoPVgCcnFuRjJ9uH6I/3eg=="],

    "scheduler": ["scheduler@0.27.0", "", {}, "sha512-eNv+WrVbKu1f3vbYJT/xtiF5syA5HPIMtf9IgY/nKg0sWqzAUEvqY/xm7OcZc/qafLx/iO9FgOmeSAp4v5ti/Q=="],

    "serialport": ["serialport@12.0.0", "", { "dependencies": { "@serialport/binding-mock": "10.2.2", "@serialport/bindings-cpp": "12.0.1", "@serialport/parser-byte-length": "12.0.0", "@serialport/parser-cctalk": "12.0.0", "@serialport/parser-delimiter": "12.0.0", "@serialport/parser-inter-byte-timeout": "12.0.0", "@serialport/parser-packet-length": "12.0.0", "@serialport/parser-readline": "12.0.0", "@serialport/parser-ready": "12.0.0", "@serialport/parser-regex": "12.0.0", "@serialport/parser-slip-encoder": "12.0.0", "@serialport/parser-spacepacket": "12.0.0", "@serialport/stream": "12.0.0", "debug": "4.3.4" } }, "sha512-AmH3D9hHPFmnF/oq/rvigfiAouAKyK/TjnrkwZRYSFZxNggJxwvbAbfYrLeuvq7ktUdhuHdVdSjj852Z55R+uA=="],

    "signal-exit": ["signal-exit@3.0.7", "", {}, "sha512-wnD2ZE+l+SPC/uoS0vXeE9L1+0wuaMqKlfz9AMUo38JsyLSBWSFcHR1Rri62LZc12vLr1gb3jl7iwQhgwpAbGQ=="],

    "slice-ansi": ["slice-ansi@9.0.0", "", { "dependencies": { "ansi-styles": "^6.2.3", "is-fullwidth-code-point": "^5.1.0" } }, "sha512-SO/3iYL5S3W57LLEniscOGPZgOqZUPCx6d3dB+52B80yJ0XstzsC/eV8gnA4tM3MHDrKz+OCFSLNjswdSC+/bA=="],

    "slip": ["slip@1.0.2", "", {}, "sha512-XrcHe3NAcyD3wO+O4I13RcS4/3AF+S9RvGNj9JhJeS02HyImwD2E3QWLrmn9hBfL+fB6yapagwxRkeyYzhk98g=="],

    "source-map": ["source-map@0.6.1", "", {}, "sha512-UjgapumWlbMhkBgzT7Ykc5YXUT46F0iKu8SGXq0bcwP5dz/h0Plj6enJqjz1Zbq2l5WaqYnrVbwWOWMyF3F47g=="],

    "stack-utils": ["stack-utils@2.0.6", "", { "dependencies": { "escape-string-regexp": "^2.0.0" } }, "sha512-XlkWvfIm6RmsWtNJx+uqtKLS8eqFbxUg0ZzLXqY0caEy9l7hruX8IpiDnjsLavoBgqCCR71TqWO8MaXYheJ3RQ=="],

    "string-width": ["string-width@8.2.1", "", { "dependencies": { "get-east-asian-width": "^1.5.0", "strip-ansi": "^7.1.2" } }, "sha512-IIaP0g3iy9Cyy18w3M9YcaDudujEAVHKt3a3QJg1+sr/oX96TbaGUubG0hJyCjCBThFH+tFpcIyoUHUn1ogaLA=="],

    "strip-ansi": ["strip-ansi@7.2.0", "", { "dependencies": { "ansi-regex": "^6.2.2" } }, "sha512-yDPMNjp4WyfYBkHnjIRLfca1i6KMyGCtsVgoKe/z1+6vukgaENdgGBZt+ZmKPc4gavvEZ5OgHfHdrazhgNyG7w=="],

    "superdough": ["superdough@1.3.0", "", { "dependencies": { "@kabelsalat/lib": "^0.4.1", "nanostores": "^0.11.3" } }, "sha512-LhmsrErcv9EMFNb79+3tvn6h7WgzKp4yRe1XtT2+eRY9oEpV4Jz0nb9Dxil3OLaNhQ6V2FuwPWBLQJb2aVtwuQ=="],

    "supradough": ["supradough@1.2.4", "", {}, "sha512-/v3cL9fq05QCQVwbttLHNZcjyyFFz5wdKvg3j6V6moRXpDlQG89l8dQtUIpQvHsxYI5sXNod9rh5bf+Y4NMGeA=="],

    "tagged-tag": ["tagged-tag@1.0.0", "", {}, "sha512-yEFYrVhod+hdNyx7g5Bnkkb0G6si8HJurOoOEgC8B/O0uXLHlaey/65KRv6cuWBNhBgHKAROVpc7QyYqE5gFng=="],

    "terminal-size": ["terminal-size@4.0.1", "", {}, "sha512-avMLDQpUI9I5XFrklECw1ZEUPJhqzcwSWsyyI8blhRLT+8N1jLJWLWWYQpB2q2xthq8xDvjZPISVh53T/+CLYQ=="],

    "type-fest": ["type-fest@5.7.0", "", { "dependencies": { "tagged-tag": "^1.0.0" } }, "sha512-1URUxUqfHFM1c+zfSPsa3gnkO7Aq21qyH75SIduNYz4SzY964rn1X2vCMQaHSHhktiw+0kPa2iyb6PUpXqB6Vg=="],

    "typescript": ["typescript@5.9.3", "", { "bin": { "tsc": "bin/tsc", "tsserver": "bin/tsserver" } }, "sha512-jl1vZzPDinLr9eUt3J/t7V6FgNEw9QjvBPdysz9KfQDD41fQrC2Y4vKQdiaUpFT4bXlb1RHhLpp8wtm6M5TgSw=="],

    "undici-types": ["undici-types@8.3.0", "", {}, "sha512-j375ScV60dom+YkPFIfTLcOiPxkN/buHz5GobjLhixFuANaNs3C9l4GmrWqejgXWJ7BbJcFYpTEUkS1Ge8bpZQ=="],

    "webmidi": ["webmidi@3.1.16", "", { "dependencies": { "djipevents": "^2.0.7" }, "optionalDependencies": { "jzz": "^1.8.5" } }, "sha512-I6NnCfBUXNbV8q6EU+DPtr1u1EgjzDrFKHQQS2OgaHzcuQRFhRHgogfKpKSpxD0IgXhZHz8+k/OpGfZoWbvWAQ=="],

    "widest-line": ["widest-line@6.0.0", "", { "dependencies": { "string-width": "^8.1.0" } }, "sha512-U89AsyEeAsyoF0zVJBkG9zBgekjgjK7yk9sje3F4IQpXBJ10TF6ByLlIfjMhcmHMJgHZI4KHt4rdNfktzxIAMA=="],

    "wolfy87-eventemitter": ["wolfy87-eventemitter@5.2.9", "", {}, "sha512-P+6vtWyuDw+MB01X7UeF8TaHBvbCovf4HPEMF/SV7BdDc1SMTiBy13SRD71lQh4ExFTG1d/WNzDGDCyOKSMblw=="],

    "wrap-ansi": ["wrap-ansi@10.0.0", "", { "dependencies": { "ansi-styles": "^6.2.3", "string-width": "^8.2.0", "strip-ansi": "^7.1.2" } }, "sha512-SGcvg80f0wUy2/fXES19feHMz8E0JoXv2uNgHOu4Dgi2OrCy1lqwFYEJz1BLbDI0exjPMe/ZdzZ/YpGECBG/aQ=="],

    "ws": ["ws@8.21.0", "", { "peerDependencies": { "bufferutil": "^4.0.1", "utf-8-validate": ">=5.0.2" }, "optionalPeers": ["bufferutil", "utf-8-validate"] }, "sha512-Vsp28b7DRcimFQvrqu2Wek3z1iYxDCWqHYB8Qsnk/S4RfaCQzPGPyBNuVjJV3cd6UiKtUtp6sNM77gWvzcCH+g=="],

    "yoga-layout": ["yoga-layout@3.2.1", "", {}, "sha512-0LPOt3AxKqMdFBZA3HBAt/t/8vIKq7VaQYbuA8WxCgung+p9TVyKRYdpvCb80HcdTN2NkbIKbhNwKUfm3tQywQ=="],

    "@serialport/bindings-cpp/@serialport/parser-readline": ["@serialport/parser-readline@11.0.0", "", { "dependencies": { "@serialport/parser-delimiter": "11.0.0" } }, "sha512-rRAivhRkT3YO28WjmmG4FQX6L+KMb5/ikhyylRfzWPw0nSXy97+u07peS9CbHqaNvJkMhH1locp2H36aGMOEIA=="],

    "@tonaljs/chord-detect/@tonaljs/chord-type": ["@tonaljs/chord-type@5.1.1", "", { "dependencies": { "@tonaljs/pcset": "4.10.1" } }, "sha512-ti4WzRYvvjH7to0G3zlJFq7WsjHqmcqbk8Jv98aZSR5YumLdY/ua2yOPPyoPq82n6vfgjZsacnAZ3v8/SodOcw=="],

    "@tonaljs/core/@tonaljs/pitch-distance": ["@tonaljs/pitch-distance@5.0.2", "", { "dependencies": { "@tonaljs/pitch": "5.0.1", "@tonaljs/pitch-interval": "5.0.2", "@tonaljs/pitch-note": "5.0.3" } }, "sha512-DPxfGJCf4BvfIVRxl2v142tuCKIziM6PomOBT0/s7U5o+Z5qFAIW0tNx/MKyL83guV74p+XIf5VI0w1flmXxDA=="],

    "@tonaljs/core/@tonaljs/pitch-note": ["@tonaljs/pitch-note@5.0.3", "", { "dependencies": { "@tonaljs/pitch": "5.0.1" } }, "sha512-JsPgqPa8VZdZtfwvgoHJz996BZqzvlnRxUF6c/Q9q8E0iq30UHBEid0Y6XldK+h6tuIENsG3a9jyvNNxRqIeYw=="],

    "@tonaljs/interval/@tonaljs/pitch": ["@tonaljs/pitch@5.0.2", "", {}, "sha512-mxaXJPPe+LIJdjzpZEl8I8Wx3dEvlzkBbsr2Ltwc2dTAdnErAZ5R0TxVq2egF27lMvQN2QPQPWI9iDPPdVUmrg=="],

    "@tonaljs/mode/@tonaljs/interval": ["@tonaljs/interval@5.1.0", "", { "dependencies": { "@tonaljs/pitch": "^5.0.2", "@tonaljs/pitch-distance": "^5.0.4", "@tonaljs/pitch-interval": "^6.0.0" } }, "sha512-GR9dUjn0j7yhjwjRh8HQxZYXOiVl05WfY3AFyMB9rfg807K4dSJmWfPTULPQXyHJ6NiZOPXcwRs8MxMLDxgdbg=="],

    "@tonaljs/note/@tonaljs/pitch": ["@tonaljs/pitch@5.0.2", "", {}, "sha512-mxaXJPPe+LIJdjzpZEl8I8Wx3dEvlzkBbsr2Ltwc2dTAdnErAZ5R0TxVq2egF27lMvQN2QPQPWI9iDPPdVUmrg=="],

    "@tonaljs/note/@tonaljs/pitch-interval": ["@tonaljs/pitch-interval@6.1.0", "", { "dependencies": { "@tonaljs/pitch": "5.0.2" } }, "sha512-9ZMxA7V4UgySnOKPIG6HECzhDb8mbiTCIdNNIzCIfz5XpjUmohku2YZpVVWMacLHgyeQicJzNoRiPel5oSAn4A=="],

    "@tonaljs/pcset/@tonaljs/pitch": ["@tonaljs/pitch@5.0.2", "", {}, "sha512-mxaXJPPe+LIJdjzpZEl8I8Wx3dEvlzkBbsr2Ltwc2dTAdnErAZ5R0TxVq2egF27lMvQN2QPQPWI9iDPPdVUmrg=="],

    "@tonaljs/pcset/@tonaljs/pitch-interval": ["@tonaljs/pitch-interval@6.1.0", "", { "dependencies": { "@tonaljs/pitch": "5.0.2" } }, "sha512-9ZMxA7V4UgySnOKPIG6HECzhDb8mbiTCIdNNIzCIfz5XpjUmohku2YZpVVWMacLHgyeQicJzNoRiPel5oSAn4A=="],

    "@tonaljs/pitch-distance/@tonaljs/pitch": ["@tonaljs/pitch@5.0.2", "", {}, "sha512-mxaXJPPe+LIJdjzpZEl8I8Wx3dEvlzkBbsr2Ltwc2dTAdnErAZ5R0TxVq2egF27lMvQN2QPQPWI9iDPPdVUmrg=="],

    "@tonaljs/pitch-distance/@tonaljs/pitch-interval": ["@tonaljs/pitch-interval@6.1.0", "", { "dependencies": { "@tonaljs/pitch": "5.0.2" } }, "sha512-9ZMxA7V4UgySnOKPIG6HECzhDb8mbiTCIdNNIzCIfz5XpjUmohku2YZpVVWMacLHgyeQicJzNoRiPel5oSAn4A=="],

    "@tonaljs/pitch-note/@tonaljs/pitch": ["@tonaljs/pitch@5.0.2", "", {}, "sha512-mxaXJPPe+LIJdjzpZEl8I8Wx3dEvlzkBbsr2Ltwc2dTAdnErAZ5R0TxVq2egF27lMvQN2QPQPWI9iDPPdVUmrg=="],

    "@tonaljs/progression/@tonaljs/chord": ["@tonaljs/chord@6.1.2", "", { "dependencies": { "@tonaljs/chord-detect": "4.9.1", "@tonaljs/chord-type": "5.1.1", "@tonaljs/collection": "4.9.0", "@tonaljs/interval": "^5.1.0", "@tonaljs/pcset": "4.10.1", "@tonaljs/pitch-distance": "5.0.5", "@tonaljs/pitch-note": "6.1.0", "@tonaljs/scale-type": "4.9.2" } }, "sha512-39crsPVyBJxdGJ1DGl+4diM+6+mZ/ws6crkQMlqX4zTYHMUVfJOQrko4mPF1CD89AFhHJe1zCT9Js+nNp3Gffg=="],

    "@tonaljs/progression/@tonaljs/pitch-interval": ["@tonaljs/pitch-interval@6.1.0", "", { "dependencies": { "@tonaljs/pitch": "5.0.2" } }, "sha512-9ZMxA7V4UgySnOKPIG6HECzhDb8mbiTCIdNNIzCIfz5XpjUmohku2YZpVVWMacLHgyeQicJzNoRiPel5oSAn4A=="],

    "@tonaljs/roman-numeral/@tonaljs/pitch": ["@tonaljs/pitch@5.0.2", "", {}, "sha512-mxaXJPPe+LIJdjzpZEl8I8Wx3dEvlzkBbsr2Ltwc2dTAdnErAZ5R0TxVq2egF27lMvQN2QPQPWI9iDPPdVUmrg=="],

    "@tonaljs/roman-numeral/@tonaljs/pitch-interval": ["@tonaljs/pitch-interval@6.1.0", "", { "dependencies": { "@tonaljs/pitch": "5.0.2" } }, "sha512-9ZMxA7V4UgySnOKPIG6HECzhDb8mbiTCIdNNIzCIfz5XpjUmohku2YZpVVWMacLHgyeQicJzNoRiPel5oSAn4A=="],

    "@tonaljs/scale/@tonaljs/chord-type": ["@tonaljs/chord-type@5.1.1", "", { "dependencies": { "@tonaljs/pcset": "4.10.1" } }, "sha512-ti4WzRYvvjH7to0G3zlJFq7WsjHqmcqbk8Jv98aZSR5YumLdY/ua2yOPPyoPq82n6vfgjZsacnAZ3v8/SodOcw=="],

    "osc/ws": ["ws@8.18.0", "", { "peerDependencies": { "bufferutil": "^4.0.1", "utf-8-validate": ">=5.0.2" }, "optionalPeers": ["bufferutil", "utf-8-validate"] }, "sha512-8VbfWfHLbbwu3+N6OKsOMpBdT4kXPDDB9cJk2bJ6mh9ucxdlnNvH1e+roYkKmN9Nxw2yjz7VzeO9oOz2zJ04Pw=="],

    "@serialport/bindings-cpp/@serialport/parser-readline/@serialport/parser-delimiter": ["@serialport/parser-delimiter@11.0.0", "", {}, "sha512-aZLJhlRTjSmEwllLG7S4J8s8ctRAS0cbvCpO87smLvl3e4BgzbVgF6Z6zaJd3Aji2uSiYgfedCdNc4L6W+1E2g=="],

    "@tonaljs/mode/@tonaljs/interval/@tonaljs/pitch": ["@tonaljs/pitch@5.0.2", "", {}, "sha512-mxaXJPPe+LIJdjzpZEl8I8Wx3dEvlzkBbsr2Ltwc2dTAdnErAZ5R0TxVq2egF27lMvQN2QPQPWI9iDPPdVUmrg=="],

    "@tonaljs/mode/@tonaljs/interval/@tonaljs/pitch-interval": ["@tonaljs/pitch-interval@6.1.0", "", { "dependencies": { "@tonaljs/pitch": "5.0.2" } }, "sha512-9ZMxA7V4UgySnOKPIG6HECzhDb8mbiTCIdNNIzCIfz5XpjUmohku2YZpVVWMacLHgyeQicJzNoRiPel5oSAn4A=="],

    "@tonaljs/progression/@tonaljs/chord/@tonaljs/chord-type": ["@tonaljs/chord-type@5.1.1", "", { "dependencies": { "@tonaljs/pcset": "4.10.1" } }, "sha512-ti4WzRYvvjH7to0G3zlJFq7WsjHqmcqbk8Jv98aZSR5YumLdY/ua2yOPPyoPq82n6vfgjZsacnAZ3v8/SodOcw=="],

    "@tonaljs/progression/@tonaljs/chord/@tonaljs/interval": ["@tonaljs/interval@5.1.0", "", { "dependencies": { "@tonaljs/pitch": "^5.0.2", "@tonaljs/pitch-distance": "^5.0.4", "@tonaljs/pitch-interval": "^6.0.0" } }, "sha512-GR9dUjn0j7yhjwjRh8HQxZYXOiVl05WfY3AFyMB9rfg807K4dSJmWfPTULPQXyHJ6NiZOPXcwRs8MxMLDxgdbg=="],

    "@tonaljs/progression/@tonaljs/pitch-interval/@tonaljs/pitch": ["@tonaljs/pitch@5.0.2", "", {}, "sha512-mxaXJPPe+LIJdjzpZEl8I8Wx3dEvlzkBbsr2Ltwc2dTAdnErAZ5R0TxVq2egF27lMvQN2QPQPWI9iDPPdVUmrg=="],

    "@tonaljs/progression/@tonaljs/chord/@tonaljs/interval/@tonaljs/pitch": ["@tonaljs/pitch@5.0.2", "", {}, "sha512-mxaXJPPe+LIJdjzpZEl8I8Wx3dEvlzkBbsr2Ltwc2dTAdnErAZ5R0TxVq2egF27lMvQN2QPQPWI9iDPPdVUmrg=="],
  }
}
